
Microsoft Visual Studio Solution File, Format Version 12.00
# Visual Studio 15
VisualStudioVersion = 15.0.27703.1
MinimumVisualStudioVersion = 10.0.40219.1
Project("{FAE04EC0-301F-11D3-BF4B-00C04F79EFBC}") = "Capo", "Capo\Capo.csproj", "{DCE86573-B9BA-47A3-8B64-24E2B7F48BAC}"
EndProject
Global
	GlobalSection(SolutionConfigurationPlatforms) = preSolution
		Debug|Any CPU = Debug|Any CPU
		Release|Any CPU = Release|Any CPU
	EndGlobalSection
	GlobalSection(ProjectConfigurationPlatforms) = postSolution
		{DCE86573-B9BA-47A3-8B64-24E2B7F48BAC}.Debug|Any CPU.ActiveCfg = Debug|Any CPU
		{DCE86573-B9BA-47A3-8B64-24E2B7F48BAC}.Debug|Any CPU.Build.0 = Debug|Any CPU
		{DCE86573-B9BA-47A3-8B64-24E2B7F48BAC}.Release|Any CPU.ActiveCfg = Release|Any CPU
		{DCE86573-B9BA-47A3-8B64-24E2B7F48BAC}.Release|Any CPU.Build.0 = Release|Any CPU
	EndGlobalSection
	GlobalSection(SolutionProperties) = preSolution
		HideSolutionNode = FALSE
	EndGlobalSection
	GlobalSection(ExtensibilityGlobals) = postSolution
		SolutionGuid = {0DB780B5-E6E3-44D1-A1DD-9F6A8F75C1A0}
	EndGlobalSection
EndGlobal
